
Microsoft Visual Studio Solution File, Format Version 12.00
# Visual Studio Version 17
VisualStudioVersion = 17.4.33103.184
MinimumVisualStudioVersion = 10.0.40219.1
Project("{FAE04EC0-301F-11D3-BF4B-00C04F79EFBC}") = "GPL_Application", "GPL_Application\GPL_Application.csproj", "{3EB86CD8-3A0E-44CC-A987-B94C76769E89}"
EndProject
Project("{FAE04EC0-301F-11D3-BF4B-00C04F79EFBC}") = "UnitTestProjectGpl2", "UnitTestProjectGpl2\UnitTestProjectGpl2.csproj", "{F90EDA79-E812-4E6C-ABDE-B1FE2789D2F1}"
EndProject
Global
	GlobalSection(SolutionConfigurationPlatforms) = preSolution
		Debug|Any CPU = Debug|Any CPU
		Release|Any CPU = Release|Any CPU
	EndGlobalSection
	GlobalSection(ProjectConfigurationPlatforms) = postSolution
		{3EB86CD8-3A0E-44CC-A987-B94C76769E89}.Debug|Any CPU.ActiveCfg = Debug|Any CPU
		{3EB86CD8-3A0E-44CC-A987-B94C76769E89}.Debug|Any CPU.Build.0 = Debug|Any CPU
		{3EB86CD8-3A0E-44CC-A987-B94C76769E89}.Release|Any CPU.ActiveCfg = Release|Any CPU
		{3EB86CD8-3A0E-44CC-A987-B94C76769E89}.Release|Any CPU.Build.0 = Release|Any CPU
		{F90EDA79-E812-4E6C-ABDE-B1FE2789D2F1}.Debug|Any CPU.ActiveCfg = Debug|Any CPU
		{F90EDA79-E812-4E6C-ABDE-B1FE2789D2F1}.Debug|Any CPU.Build.0 = Debug|Any CPU
		{F90EDA79-E812-4E6C-ABDE-B1FE2789D2F1}.Release|Any CPU.ActiveCfg = Release|Any CPU
		{F90EDA79-E812-4E6C-ABDE-B1FE2789D2F1}.Release|Any CPU.Build.0 = Release|Any CPU
	EndGlobalSection
	GlobalSection(SolutionProperties) = preSolution
		HideSolutionNode = FALSE
	EndGlobalSection
	GlobalSection(ExtensibilityGlobals) = postSolution
		SolutionGuid = {CEE1C385-BAAB-419C-BA8F-A27E152E0F48}
	EndGlobalSection
EndGlobal
